
Microsoft Visual Studio Solution File, Format Version 12.00
# Visual Studio 2012
Project("{FAE04EC0-301F-11D3-BF4B-00C04F79EFBC}") = "TodayILearned", "TodayILearned\TodayILearned.csproj", "{EE444FC1-61E9-442A-8C52-D2CF6F5D618C}"
EndProject
Project("{FAE04EC0-301F-11D3-BF4B-00C04F79EFBC}") = "TodayILearned.Core", "TodayILearned.Core\TodayILearned.Core.csproj", "{56F388D4-0B38-4E08-BAD4-0ECF5815F550}"
EndProject
Project("{FAE04EC0-301F-11D3-BF4B-00C04F79EFBC}") = "TodayILearned.LiveTileScheduledTask", "TodayILearned.LiveTileScheduledTask\TodayILearned.LiveTileScheduledTask.csproj", "{081035A5-15E9-41B1-B256-3AF6EE08037C}"
EndProject
Project("{FAE04EC0-301F-11D3-BF4B-00C04F79EFBC}") = "SharpGIS.GZipWebClient", "SharpGIS.GZipWebClient\SharpGIS.GZipWebClient.csproj", "{D0B5895E-4CFB-4EB9-8C22-7622ACD8CAEB}"
EndProject
Project("{2150E333-8FDC-42A3-9474-1A3956D46DE8}") = ".nuget", ".nuget", "{F6B4D4AB-3044-40B4-A84A-6A9D34734DF9}"
	ProjectSection(SolutionItems) = preProject
		.nuget\NuGet.Config = .nuget\NuGet.Config
		.nuget\NuGet.exe = .nuget\NuGet.exe
		.nuget\NuGet.targets = .nuget\NuGet.targets
	EndProjectSection
EndProject
Global
	GlobalSection(SolutionConfigurationPlatforms) = preSolution
		Debug|Any CPU = Debug|Any CPU
		Debug|ARM = Debug|ARM
		Debug|x86 = Debug|x86
		Release|Any CPU = Release|Any CPU
		Release|ARM = Release|ARM
		Release|x86 = Release|x86
	EndGlobalSection
	GlobalSection(ProjectConfigurationPlatforms) = postSolution
		{EE444FC1-61E9-442A-8C52-D2CF6F5D618C}.Debug|Any CPU.ActiveCfg = Debug|Any CPU
		{EE444FC1-61E9-442A-8C52-D2CF6F5D618C}.Debug|Any CPU.Build.0 = Debug|Any CPU
		{EE444FC1-61E9-442A-8C52-D2CF6F5D618C}.Debug|Any CPU.Deploy.0 = Debug|Any CPU
		{EE444FC1-61E9-442A-8C52-D2CF6F5D618C}.Debug|ARM.ActiveCfg = Debug|ARM
		{EE444FC1-61E9-442A-8C52-D2CF6F5D618C}.Debug|ARM.Build.0 = Debug|ARM
		{EE444FC1-61E9-442A-8C52-D2CF6F5D618C}.Debug|ARM.Deploy.0 = Debug|ARM
		{EE444FC1-61E9-442A-8C52-D2CF6F5D618C}.Debug|x86.ActiveCfg = Debug|x86
		{EE444FC1-61E9-442A-8C52-D2CF6F5D618C}.Debug|x86.Build.0 = Debug|x86
		{EE444FC1-61E9-442A-8C52-D2CF6F5D618C}.Debug|x86.Deploy.0 = Debug|x86
		{EE444FC1-61E9-442A-8C52-D2CF6F5D618C}.Release|Any CPU.ActiveCfg = Release|Any CPU
		{EE444FC1-61E9-442A-8C52-D2CF6F5D618C}.Release|Any CPU.Build.0 = Release|Any CPU
		{EE444FC1-61E9-442A-8C52-D2CF6F5D618C}.Release|Any CPU.Deploy.0 = Release|Any CPU
		{EE444FC1-61E9-442A-8C52-D2CF6F5D618C}.Release|ARM.ActiveCfg = Release|ARM
		{EE444FC1-61E9-442A-8C52-D2CF6F5D618C}.Release|ARM.Build.0 = Release|ARM
		{EE444FC1-61E9-442A-8C52-D2CF6F5D618C}.Release|ARM.Deploy.0 = Release|ARM
		{EE444FC1-61E9-442A-8C52-D2CF6F5D618C}.Release|x86.ActiveCfg = Release|x86
		{EE444FC1-61E9-442A-8C52-D2CF6F5D618C}.Release|x86.Build.0 = Release|x86
		{EE444FC1-61E9-442A-8C52-D2CF6F5D618C}.Release|x86.Deploy.0 = Release|x86
		{56F388D4-0B38-4E08-BAD4-0ECF5815F550}.Debug|Any CPU.ActiveCfg = Debug|Any CPU
		{56F388D4-0B38-4E08-BAD4-0ECF5815F550}.Debug|Any CPU.Build.0 = Debug|Any CPU
		{56F388D4-0B38-4E08-BAD4-0ECF5815F550}.Debug|ARM.ActiveCfg = Debug|Any CPU
		{56F388D4-0B38-4E08-BAD4-0ECF5815F550}.Debug|x86.ActiveCfg = Debug|Any CPU
		{56F388D4-0B38-4E08-BAD4-0ECF5815F550}.Release|Any CPU.ActiveCfg = Release|Any CPU
		{56F388D4-0B38-4E08-BAD4-0ECF5815F550}.Release|Any CPU.Build.0 = Release|Any CPU
		{56F388D4-0B38-4E08-BAD4-0ECF5815F550}.Release|ARM.ActiveCfg = Release|Any CPU
		{56F388D4-0B38-4E08-BAD4-0ECF5815F550}.Release|x86.ActiveCfg = Release|Any CPU
		{081035A5-15E9-41B1-B256-3AF6EE08037C}.Debug|Any CPU.ActiveCfg = Debug|Any CPU
		{081035A5-15E9-41B1-B256-3AF6EE08037C}.Debug|Any CPU.Build.0 = Debug|Any CPU
		{081035A5-15E9-41B1-B256-3AF6EE08037C}.Debug|ARM.ActiveCfg = Debug|Any CPU
		{081035A5-15E9-41B1-B256-3AF6EE08037C}.Debug|x86.ActiveCfg = Debug|Any CPU
		{081035A5-15E9-41B1-B256-3AF6EE08037C}.Release|Any CPU.ActiveCfg = Release|Any CPU
		{081035A5-15E9-41B1-B256-3AF6EE08037C}.Release|Any CPU.Build.0 = Release|Any CPU
		{081035A5-15E9-41B1-B256-3AF6EE08037C}.Release|ARM.ActiveCfg = Release|Any CPU
		{081035A5-15E9-41B1-B256-3AF6EE08037C}.Release|x86.ActiveCfg = Release|Any CPU
		{D0B5895E-4CFB-4EB9-8C22-7622ACD8CAEB}.Debug|Any CPU.ActiveCfg = Debug|Any CPU
		{D0B5895E-4CFB-4EB9-8C22-7622ACD8CAEB}.Debug|Any CPU.Build.0 = Debug|Any CPU
		{D0B5895E-4CFB-4EB9-8C22-7622ACD8CAEB}.Debug|ARM.ActiveCfg = Debug|Any CPU
		{D0B5895E-4CFB-4EB9-8C22-7622ACD8CAEB}.Debug|x86.ActiveCfg = Debug|Any CPU
		{D0B5895E-4CFB-4EB9-8C22-7622ACD8CAEB}.Release|Any CPU.ActiveCfg = Release|Any CPU
		{D0B5895E-4CFB-4EB9-8C22-7622ACD8CAEB}.Release|Any CPU.Build.0 = Release|Any CPU
		{D0B5895E-4CFB-4EB9-8C22-7622ACD8CAEB}.Release|ARM.ActiveCfg = Release|Any CPU
		{D0B5895E-4CFB-4EB9-8C22-7622ACD8CAEB}.Release|x86.ActiveCfg = Release|Any CPU
	EndGlobalSection
	GlobalSection(SolutionProperties) = preSolution
		HideSolutionNode = FALSE
	EndGlobalSection
EndGlobal
