
Microsoft Visual Studio Solution File, Format Version 12.00
# Visual Studio 2010
Project("{FAE04EC0-301F-11D3-BF4B-00C04F79EFBC}") = "TodayILearned", "TodayILearned\TodayILearned.csproj", "{EE444FC1-61E9-442A-8C52-D2CF6F5D618C}"
EndProject
Project("{FAE04EC0-301F-11D3-BF4B-00C04F79EFBC}") = "TodayILearned.Core", "TodayILearned.Core\TodayILearned.Core.csproj", "{56F388D4-0B38-4E08-BAD4-0ECF5815F550}"
EndProject
Project("{FAE04EC0-301F-11D3-BF4B-00C04F79EFBC}") = "TodayILearned.LiveTileScheduledTask", "TodayILearned.LiveTileScheduledTask\TodayILearned.LiveTileScheduledTask.csproj", "{081035A5-15E9-41B1-B256-3AF6EE08037C}"
EndProject
Global
	GlobalSection(SolutionConfigurationPlatforms) = preSolution
		Debug|Any CPU = Debug|Any CPU
		Release|Any CPU = Release|Any CPU
	EndGlobalSection
	GlobalSection(ProjectConfigurationPlatforms) = postSolution
		{EE444FC1-61E9-442A-8C52-D2CF6F5D618C}.Debug|Any CPU.ActiveCfg = Debug|Any CPU
		{EE444FC1-61E9-442A-8C52-D2CF6F5D618C}.Debug|Any CPU.Build.0 = Debug|Any CPU
		{EE444FC1-61E9-442A-8C52-D2CF6F5D618C}.Debug|Any CPU.Deploy.0 = Debug|Any CPU
		{EE444FC1-61E9-442A-8C52-D2CF6F5D618C}.Release|Any CPU.ActiveCfg = Release|Any CPU
		{EE444FC1-61E9-442A-8C52-D2CF6F5D618C}.Release|Any CPU.Build.0 = Release|Any CPU
		{EE444FC1-61E9-442A-8C52-D2CF6F5D618C}.Release|Any CPU.Deploy.0 = Release|Any CPU
		{56F388D4-0B38-4E08-BAD4-0ECF5815F550}.Debug|Any CPU.ActiveCfg = Debug|Any CPU
		{56F388D4-0B38-4E08-BAD4-0ECF5815F550}.Debug|Any CPU.Build.0 = Debug|Any CPU
		{56F388D4-0B38-4E08-BAD4-0ECF5815F550}.Release|Any CPU.ActiveCfg = Release|Any CPU
		{56F388D4-0B38-4E08-BAD4-0ECF5815F550}.Release|Any CPU.Build.0 = Release|Any CPU
		{081035A5-15E9-41B1-B256-3AF6EE08037C}.Debug|Any CPU.ActiveCfg = Debug|Any CPU
		{081035A5-15E9-41B1-B256-3AF6EE08037C}.Debug|Any CPU.Build.0 = Debug|Any CPU
		{081035A5-15E9-41B1-B256-3AF6EE08037C}.Release|Any CPU.ActiveCfg = Release|Any CPU
		{081035A5-15E9-41B1-B256-3AF6EE08037C}.Release|Any CPU.Build.0 = Release|Any CPU
	EndGlobalSection
	GlobalSection(SolutionProperties) = preSolution
		HideSolutionNode = FALSE
	EndGlobalSection
EndGlobal
